
Microsoft Visual Studio Solution File, Format Version 12.00
# Visual Studio Version 17
VisualStudioVersion = 17.8.34330.188
MinimumVisualStudioVersion = 10.0.40219.1
Project("{FAE04EC0-301F-11D3-BF4B-00C04F79EFBC}") = "tee", "tee.csproj", "{FE21184C-67A5-4E22-8CDE-C00964941A6D}"
EndProject
Global
	GlobalSection(SolutionConfigurationPlatforms) = preSolution
		Debug|Any CPU = Debug|Any CPU
		Release|Any CPU = Release|Any CPU
	EndGlobalSection
	GlobalSection(ProjectConfigurationPlatforms) = postSolution
		{FE21184C-67A5-4E22-8CDE-C00964941A6D}.Debug|Any CPU.ActiveCfg = Debug|Any CPU
		{FE21184C-67A5-4E22-8CDE-C00964941A6D}.Debug|Any CPU.Build.0 = Debug|Any CPU
		{FE21184C-67A5-4E22-8CDE-C00964941A6D}.Release|Any CPU.ActiveCfg = Release|Any CPU
		{FE21184C-67A5-4E22-8CDE-C00964941A6D}.Release|Any CPU.Build.0 = Release|Any CPU
	EndGlobalSection
	GlobalSection(SolutionProperties) = preSolution
		HideSolutionNode = FALSE
	EndGlobalSection
	GlobalSection(ExtensibilityGlobals) = postSolution
		SolutionGuid = {D5907485-3065-48CE-AB0E-BC3DAA793649}
	EndGlobalSection
EndGlobal
