
Microsoft Visual Studio Solution File, Format Version 12.00
# Visual Studio Version 17
VisualStudioVersion = 17.13.35931.197
MinimumVisualStudioVersion = 10.0.40219.1
Project("{FAE04EC0-301F-11D3-BF4B-00C04F79EFBC}") = "VoiceLink", "VoiceLink\VoiceLink.csproj", "{2B08AD51-6D87-4FF1-B319-9392F909E8D2}"
EndProject
Project("{FAE04EC0-301F-11D3-BF4B-00C04F79EFBC}") = "illuminate", "illuminate\illuminate.csproj", "{52641D59-779F-63CC-D826-95335DD2EF58}"
EndProject
Global
	GlobalSection(SolutionConfigurationPlatforms) = preSolution
		Debug|Any CPU = Debug|Any CPU
		Release|Any CPU = Release|Any CPU
	EndGlobalSection
	GlobalSection(ProjectConfigurationPlatforms) = postSolution
		{2B08AD51-6D87-4FF1-B319-9392F909E8D2}.Debug|Any CPU.ActiveCfg = Debug|Any CPU
		{2B08AD51-6D87-4FF1-B319-9392F909E8D2}.Debug|Any CPU.Build.0 = Debug|Any CPU
		{2B08AD51-6D87-4FF1-B319-9392F909E8D2}.Release|Any CPU.ActiveCfg = Release|Any CPU
		{2B08AD51-6D87-4FF1-B319-9392F909E8D2}.Release|Any CPU.Build.0 = Release|Any CPU
		{52641D59-779F-63CC-D826-95335DD2EF58}.Debug|Any CPU.ActiveCfg = Debug|Any CPU
		{52641D59-779F-63CC-D826-95335DD2EF58}.Debug|Any CPU.Build.0 = Debug|Any CPU
		{52641D59-779F-63CC-D826-95335DD2EF58}.Release|Any CPU.ActiveCfg = Release|Any CPU
		{52641D59-779F-63CC-D826-95335DD2EF58}.Release|Any CPU.Build.0 = Release|Any CPU
	EndGlobalSection
	GlobalSection(SolutionProperties) = preSolution
		HideSolutionNode = FALSE
	EndGlobalSection
	GlobalSection(ExtensibilityGlobals) = postSolution
		SolutionGuid = {1095C471-6BBD-48F8-A182-E7EA182537D0}
	EndGlobalSection
EndGlobal
